// !$*UTF8*$!
{
	archiveVersion = 1;
	classes = {
	};
	objectVersion = 50;
	objects = {

/* Begin PBXBuildFile section */
		81BD9FE7256FA385007E30B7 /* AppDelegate.swift in Sources */ = {isa = PBXBuildFile; fileRef = 81BD9FE6256FA385007E30B7 /* AppDelegate.swift */; };
		81BD9FE9256FA385007E30B7 /* SceneDelegate.swift in Sources */ = {isa = PBXBuildFile; fileRef = 81BD9FE8256FA385007E30B7 /* SceneDelegate.swift */; };
		81BD9FEB256FA385007E30B7 /* ViewController.swift in Sources */ = {isa = PBXBuildFile; fileRef = 81BD9FEA256FA385007E30B7 /* ViewController.swift */; };
		81BD9FEE256FA385007E30B7 /* Main.storyboard in Resources */ = {isa = PBXBuildFile; fileRef = 81BD9FEC256FA385007E30B7 /* Main.storyboard */; };
		81BD9FF0256FA386007E30B7 /* Assets.xcassets in Resources */ = {isa = PBXBuildFile; fileRef = 81BD9FEF256FA386007E30B7 /* Assets.xcassets */; };
		81BD9FF3256FA386007E30B7 /* LaunchScreen.storyboard in Resources */ = {isa = PBXBuildFile; fileRef = 81BD9FF1256FA386007E30B7 /* LaunchScreen.storyboard */; };
		81BD9FFE256FA386007E30B7 /* SendEmailSwiftTests.swift in Sources */ = {isa = PBXBuildFile; fileRef = 81BD9FFD256FA386007E30B7 /* SendEmailSwiftTests.swift */; };
		81BDA009256FA386007E30B7 /* SendEmailSwiftUITests.swift in Sources */ = {isa = PBXBuildFile; fileRef = 81BDA008256FA386007E30B7 /* SendEmailSwiftUITests.swift */; };
		81D08CBF256FC4C700768796 /* ViewController2.swift in Sources */ = {isa = PBXBuildFile; fileRef = 81D08CBE256FC4C700768796 /* ViewController2.swift */; };
/* End PBXBuildFile section */

/* Begin PBXContainerItemProxy section */
		81BD9FFA256FA386007E30B7 /* PBXContainerItemProxy */ = {
			isa = PBXContainerItemProxy;
			containerPortal = 81BD9FDB256FA385007E30B7 /* Project object */;
			proxyType = 1;
			remoteGlobalIDString = 81BD9FE2256FA385007E30B7;
			remoteInfo = SendEmailSwift;
		};
		81BDA005256FA386007E30B7 /* PBXContainerItemProxy */ = {
			isa = PBXContainerItemProxy;
			containerPortal = 81BD9FDB256FA385007E30B7 /* Project object */;
			proxyType = 1;
			remoteGlobalIDString = 81BD9FE2256FA385007E30B7;
			remoteInfo = SendEmailSwift;
		};
/* End PBXContainerItemProxy section */

/* Begin PBXFileReference section */
		81BD9FE3256FA385007E30B7 /* SendEmailSwift.app */ = {isa = PBXFileReference; explicitFileType = wrapper.application; includeInIndex = 0; path = SendEmailSwift.app; sourceTree = BUILT_PRODUCTS_DIR; };
		81BD9FE6256FA385007E30B7 /* AppDelegate.swift */ = {isa = PBXFileReference; lastKnownFileType = sourcecode.swift; path = AppDelegate.swift; sourceTree = "<group>"; };
		81BD9FE8256FA385007E30B7 /* SceneDelegate.swift */ = {isa = PBXFileReference; lastKnownFileType = sourcecode.swift; path = SceneDelegate.swift; sourceTree = "<group>"; };
		81BD9FEA256FA385007E30B7 /* ViewController.swift */ = {isa = PBXFileReference; lastKnownFileType = sourcecode.swift; path = ViewController.swift; sourceTree = "<group>"; };
		81BD9FED256FA385007E30B7 /* Base */ = {isa = PBXFileReference; lastKnownFileType = file.storyboard; name = Base; path = Base.lproj/Main.storyboard; sourceTree = "<group>"; };
		81BD9FEF256FA386007E30B7 /* Assets.xcassets */ = {isa = PBXFileReference; lastKnownFileType = folder.assetcatalog; path = Assets.xcassets; sourceTree = "<group>"; };
		81BD9FF2256FA386007E30B7 /* Base */ = {isa = PBXFileReference; lastKnownFileType = file.storyboard; name = Base; path = Base.lproj/LaunchScreen.storyboard; sourceTree = "<group>"; };
		81BD9FF4256FA386007E30B7 /* Info.plist */ = {isa = PBXFileReference; lastKnownFileType = text.plist.xml; path = Info.plist; sourceTree = "<group>"; };
		81BD9FF9256FA386007E30B7 /* SendEmailSwiftTests.xctest */ = {isa = PBXFileReference; explicitFileType = wrapper.cfbundle; includeInIndex = 0; path = SendEmailSwiftTests.xctest; sourceTree = BUILT_PRODUCTS_DIR; };
		81BD9FFD256FA386007E30B7 /* SendEmailSwiftTests.swift */ = {isa = PBXFileReference; lastKnownFileType = sourcecode.swift; path = SendEmailSwiftTests.swift; sourceTree = "<group>"; };
		81BD9FFF256FA386007E30B7 /* Info.plist */ = {isa = PBXFileReference; lastKnownFileType = text.plist.xml; path = Info.plist; sourceTree = "<group>"; };
		81BDA004256FA386007E30B7 /* SendEmailSwiftUITests.xctest */ = {isa = PBXFileReference; explicitFileType = wrapper.cfbundle; includeInIndex = 0; path = SendEmailSwiftUITests.xctest; sourceTree = BUILT_PRODUCTS_DIR; };
		81BDA008256FA386007E30B7 /* SendEmailSwiftUITests.swift */ = {isa = PBXFileReference; lastKnownFileType = sourcecode.swift; path = SendEmailSwiftUITests.swift; sourceTree = "<group>"; };
		81BDA00A256FA386007E30B7 /* Info.plist */ = {isa = PBXFileReference; lastKnownFileType = text.plist.xml; path = Info.plist; sourceTree = "<group>"; };
		81D08CBE256FC4C700768796 /* ViewController2.swift */ = {isa = PBXFileReference; lastKnownFileType = sourcecode.swift; path = ViewController2.swift; sourceTree = "<group>"; };
/* End PBXFileReference section */

/* Begin PBXFrameworksBuildPhase section */
		81BD9FE0256FA385007E30B7 /* Frameworks */ = {
			isa = PBXFrameworksBuildPhase;
			buildActionMask = 2147483647;
			files = (
			);
			runOnlyForDeploymentPostprocessing = 0;
		};
		81BD9FF6256FA386007E30B7 /* Frameworks */ = {
			isa = PBXFrameworksBuildPhase;
			buildActionMask = 2147483647;
			files = (
			);
			runOnlyForDeploymentPostprocessing = 0;
		};
		81BDA001256FA386007E30B7 /* Frameworks */ = {
			isa = PBXFrameworksBuildPhase;
			buildActionMask = 2147483647;
			files = (
			);
			runOnlyForDeploymentPostprocessing = 0;
		};
/* End PBXFrameworksBuildPhase section */

/* Begin PBXGroup section */
		81BD9FDA256FA385007E30B7 = {
			isa = PBXGroup;
			children = (
				81BD9FE5256FA385007E30B7 /* SendEmailSwift */,
				81BD9FFC256FA386007E30B7 /* SendEmailSwiftTests */,
				81BDA007256FA386007E30B7 /* SendEmailSwiftUITests */,
				81BD9FE4256FA385007E30B7 /* Products */,
			);
			sourceTree = "<group>";
		};
		81BD9FE4256FA385007E30B7 /* Products */ = {
			isa = PBXGroup;
			children = (
				81BD9FE3256FA385007E30B7 /* SendEmailSwift.app */,
				81BD9FF9256FA386007E30B7 /* SendEmailSwiftTests.xctest */,
				81BDA004256FA386007E30B7 /* SendEmailSwiftUITests.xctest */,
			);
			name = Products;
			sourceTree = "<group>";
		};
		81BD9FE5256FA385007E30B7 /* SendEmailSwift */ = {
			isa = PBXGroup;
			children = (
				81BD9FE6256FA385007E30B7 /* AppDelegate.swift */,
				81BD9FE8256FA385007E30B7 /* SceneDelegate.swift */,
				81BD9FEA256FA385007E30B7 /* ViewController.swift */,
				81D08CBE256FC4C700768796 /* ViewController2.swift */,
				81BD9FEC256FA385007E30B7 /* Main.storyboard */,
				81BD9FEF256FA386007E30B7 /* Assets.xcassets */,
				81BD9FF1256FA386007E30B7 /* LaunchScreen.storyboard */,
				81BD9FF4256FA386007E30B7 /* Info.plist */,
			);
			path = SendEmailSwift;
			sourceTree = "<group>";
		};
		81BD9FFC256FA386007E30B7 /* SendEmailSwiftTests */ = {
			isa = PBXGroup;
			children = (
				81BD9FFD256FA386007E30B7 /* SendEmailSwiftTests.swift */,
				81BD9FFF256FA386007E30B7 /* Info.plist */,
			);
			path = SendEmailSwiftTests;
			sourceTree = "<group>";
		};
		81BDA007256FA386007E30B7 /* SendEmailSwiftUITests */ = {
			isa = PBXGroup;
			children = (
				81BDA008256FA386007E30B7 /* SendEmailSwiftUITests.swift */,
				81BDA00A256FA386007E30B7 /* Info.plist */,
			);
			path = SendEmailSwiftUITests;
			sourceTree = "<group>";
		};
/* End PBXGroup section */

/* Begin PBXNativeTarget section */
		81BD9FE2256FA385007E30B7 /* SendEmailSwift */ = {
			isa = PBXNativeTarget;
			buildConfigurationList = 81BDA00D256FA386007E30B7 /* Build configuration list for PBXNativeTarget "SendEmailSwift" */;
			buildPhases = (
				81BD9FDF256FA385007E30B7 /* Sources */,
				81BD9FE0256FA385007E30B7 /* Frameworks */,
				81BD9FE1256FA385007E30B7 /* Resources */,
			);
			buildRules = (
			);
			dependencies = (
			);
			name = SendEmailSwift;
			productName = SendEmailSwift;
			productReference = 81BD9FE3256FA385007E30B7 /* SendEmailSwift.app */;
			productType = "com.apple.product-type.application";
		};
		81BD9FF8256FA386007E30B7 /* SendEmailSwiftTests */ = {
			isa = PBXNativeTarget;
			buildConfigurationList = 81BDA010256FA386007E30B7 /* Build configuration list for PBXNativeTarget "SendEmailSwiftTests" */;
			buildPhases = (
				81BD9FF5256FA386007E30B7 /* Sources */,
				81BD9FF6256FA386007E30B7 /* Frameworks */,
				81BD9FF7256FA386007E30B7 /* Resources */,
			);
			buildRules = (
			);
			dependencies = (
				81BD9FFB256FA386007E30B7 /* PBXTargetDependency */,
			);
			name = SendEmailSwiftTests;
			productName = SendEmailSwiftTests;
			productReference = 81BD9FF9256FA386007E30B7 /* SendEmailSwiftTests.xctest */;
			productType = "com.apple.product-type.bundle.unit-test";
		};
		81BDA003256FA386007E30B7 /* SendEmailSwiftUITests */ = {
			isa = PBXNativeTarget;
			buildConfigurationList = 81BDA013256FA386007E30B7 /* Build configuration list for PBXNativeTarget "SendEmailSwiftUITests" */;
			buildPhases = (
				81BDA000256FA386007E30B7 /* Sources */,
				81BDA001256FA386007E30B7 /* Frameworks */,
				81BDA002256FA386007E30B7 /* Resources */,
			);
			buildRules = (
			);
			dependencies = (
				81BDA006256FA386007E30B7 /* PBXTargetDependency */,
			);
			name = SendEmailSwiftUITests;
			productName = SendEmailSwiftUITests;
			productReference = 81BDA004256FA386007E30B7 /* SendEmailSwiftUITests.xctest */;
			productType = "com.apple.product-type.bundle.ui-testing";
		};
/* End PBXNativeTarget section */

/* Begin PBXProject section */
		81BD9FDB256FA385007E30B7 /* Project object */ = {
			isa = PBXProject;
			attributes = {
				LastSwiftUpdateCheck = 1170;
				LastUpgradeCheck = 1170;
				ORGANIZATIONNAME = Boss;
				TargetAttributes = {
					81BD9FE2256FA385007E30B7 = {
						CreatedOnToolsVersion = 11.7;
					};
					81BD9FF8256FA386007E30B7 = {
						CreatedOnToolsVersion = 11.7;
						TestTargetID = 81BD9FE2256FA385007E30B7;
					};
					81BDA003256FA386007E30B7 = {
						CreatedOnToolsVersion = 11.7;
						TestTargetID = 81BD9FE2256FA385007E30B7;
					};
				};
			};
			buildConfigurationList = 81BD9FDE256FA385007E30B7 /* Build configuration list for PBXProject "SendEmailSwift" */;
			compatibilityVersion = "Xcode 9.3";
			developmentRegion = en;
			hasScannedForEncodings = 0;
			knownRegions = (
				en,
				Base,
			);
			mainGroup = 81BD9FDA256FA385007E30B7;
			productRefGroup = 81BD9FE4256FA385007E30B7 /* Products */;
			projectDirPath = "";
			projectRoot = "";
			targets = (
				81BD9FE2256FA385007E30B7 /* SendEmailSwift */,
				81BD9FF8256FA386007E30B7 /* SendEmailSwiftTests */,
				81BDA003256FA386007E30B7 /* SendEmailSwiftUITests */,
			);
		};
/* End PBXProject section */

/* Begin PBXResourcesBuildPhase section */
		81BD9FE1256FA385007E30B7 /* Resources */ = {
			isa = PBXResourcesBuildPhase;
			buildActionMask = 2147483647;
			files = (
				81BD9FF3256FA386007E30B7 /* LaunchScreen.storyboard in Resources */,
				81BD9FF0256FA386007E30B7 /* Assets.xcassets in Resources */,
				81BD9FEE256FA385007E30B7 /* Main.storyboard in Resources */,
			);
			runOnlyForDeploymentPostprocessing = 0;
		};
		81BD9FF7256FA386007E30B7 /* Resources */ = {
			isa = PBXResourcesBuildPhase;
			buildActionMask = 2147483647;
			files = (
			);
			runOnlyForDeploymentPostprocessing = 0;
		};
		81BDA002256FA386007E30B7 /* Resources */ = {
			isa = PBXResourcesBuildPhase;
			buildActionMask = 2147483647;
			files = (
			);
			runOnlyForDeploymentPostprocessing = 0;
		};
/* End PBXResourcesBuildPhase section */

/* Begin PBXSourcesBuildPhase section */
		81BD9FDF256FA385007E30B7 /* Sources */ = {
			isa = PBXSourcesBuildPhase;
			buildActionMask = 2147483647;
			files = (
				81BD9FEB256FA385007E30B7 /* ViewController.swift in Sources */,
				81D08CBF256FC4C700768796 /* ViewController2.swift in Sources */,
				81BD9FE7256FA385007E30B7 /* AppDelegate.swift in Sources */,
				81BD9FE9256FA385007E30B7 /* SceneDelegate.swift in Sources */,
			);
			runOnlyForDeploymentPostprocessing = 0;
		};
		81BD9FF5256FA386007E30B7 /* Sources */ = {
			isa = PBXSourcesBuildPhase;
			buildActionMask = 2147483647;
			files = (
				81BD9FFE256FA386007E30B7 /* SendEmailSwiftTests.swift in Sources */,
			);
			runOnlyForDeploymentPostprocessing = 0;
		};
		81BDA000256FA386007E30B7 /* Sources */ = {
			isa = PBXSourcesBuildPhase;
			buildActionMask = 2147483647;
			files = (
				81BDA009256FA386007E30B7 /* SendEmailSwiftUITests.swift in Sources */,
			);
			runOnlyForDeploymentPostprocessing = 0;
		};
/* End PBXSourcesBuildPhase section */

/* Begin PBXTargetDependency section */
		81BD9FFB256FA386007E30B7 /* PBXTargetDependency */ = {
			isa = PBXTargetDependency;
			target = 81BD9FE2256FA385007E30B7 /* SendEmailSwift */;
			targetProxy = 81BD9FFA256FA386007E30B7 /* PBXContainerItemProxy */;
		};
		81BDA006256FA386007E30B7 /* PBXTargetDependency */ = {
			isa = PBXTargetDependency;
			target = 81BD9FE2256FA385007E30B7 /* SendEmailSwift */;
			targetProxy = 81BDA005256FA386007E30B7 /* PBXContainerItemProxy */;
		};
/* End PBXTargetDependency section */

/* Begin PBXVariantGroup section */
		81BD9FEC256FA385007E30B7 /* Main.storyboard */ = {
			isa = PBXVariantGroup;
			children = (
				81BD9FED256FA385007E30B7 /* Base */,
			);
			name = Main.storyboard;
			sourceTree = "<group>";
		};
		81BD9FF1256FA386007E30B7 /* LaunchScreen.storyboard */ = {
			isa = PBXVariantGroup;
			children = (
				81BD9FF2256FA386007E30B7 /* Base */,
			);
			name = LaunchScreen.storyboard;
			sourceTree = "<group>";
		};
/* End PBXVariantGroup section */

/* Begin XCBuildConfiguration section */
		81BDA00B256FA386007E30B7 /* Debug */ = {
			isa = XCBuildConfiguration;
			buildSettings = {
				ALWAYS_SEARCH_USER_PATHS = NO;
				CLANG_ANALYZER_NONNULL = YES;
				CLANG_ANALYZER_NUMBER_OBJECT_CONVERSION = YES_AGGRESSIVE;
				CLANG_CXX_LANGUAGE_STANDARD = "gnu++14";
				CLANG_CXX_LIBRARY = "libc++";
				CLANG_ENABLE_MODULES = YES;
				CLANG_ENABLE_OBJC_ARC = YES;
				CLANG_ENABLE_OBJC_WEAK = YES;
				CLANG_WARN_BLOCK_CAPTURE_AUTORELEASING = YES;
				CLANG_WARN_BOOL_CONVERSION = YES;
				CLANG_WARN_COMMA = YES;
				CLANG_WARN_CONSTANT_CONVERSION = YES;
				CLANG_WARN_DEPRECATED_OBJC_IMPLEMENTATIONS = YES;
				CLANG_WARN_DIRECT_OBJC_ISA_USAGE = YES_ERROR;
				CLANG_WARN_DOCUMENTATION_COMMENTS = YES;
				CLANG_WARN_EMPTY_BODY = YES;
				CLANG_WARN_ENUM_CONVERSION = YES;
				CLANG_WARN_INFINITE_RECURSION = YES;
				CLANG_WARN_INT_CONVERSION = YES;
				CLANG_WARN_NON_LITERAL_NULL_CONVERSION = YES;
				CLANG_WARN_OBJC_IMPLICIT_RETAIN_SELF = YES;
				CLANG_WARN_OBJC_LITERAL_CONVERSION = YES;
				CLANG_WARN_OBJC_ROOT_CLASS = YES_ERROR;
				CLANG_WARN_RANGE_LOOP_ANALYSIS = YES;
				CLANG_WARN_STRICT_PROTOTYPES = YES;
				CLANG_WARN_SUSPICIOUS_MOVE = YES;
				CLANG_WARN_UNGUARDED_AVAILABILITY = YES_AGGRESSIVE;
				CLANG_WARN_UNREACHABLE_CODE = YES;
				CLANG_WARN__DUPLICATE_METHOD_MATCH = YES;
				COPY_PHASE_STRIP = NO;
				DEBUG_INFORMATION_FORMAT = dwarf;
				ENABLE_STRICT_OBJC_MSGSEND = YES;
				ENABLE_TESTABILITY = YES;
				GCC_C_LANGUAGE_STANDARD = gnu11;
				GCC_DYNAMIC_NO_PIC = NO;
				GCC_NO_COMMON_BLOCKS = YES;
				GCC_OPTIMIZATION_LEVEL = 0;
				GCC_PREPROCESSOR_DEFINITIONS = (
					"DEBUG=1",
					"$(inherited)",
				);
				GCC_WARN_64_TO_32_BIT_CONVERSION = YES;
				GCC_WARN_ABOUT_RETURN_TYPE = YES_ERROR;
				GCC_WARN_UNDECLARED_SELECTOR = YES;
				GCC_WARN_UNINITIALIZED_AUTOS = YES_AGGRESSIVE;
				GCC_WARN_UNUSED_FUNCTION = YES;
				GCC_WARN_UNUSED_VARIABLE = YES;
				IPHONEOS_DEPLOYMENT_TARGET = 13.7;
				MTL_ENABLE_DEBUG_INFO = INCLUDE_SOURCE;
				MTL_FAST_MATH = YES;
				ONLY_ACTIVE_ARCH = YES;
				SDKROOT = iphoneos;
				SWIFT_ACTIVE_COMPILATION_CONDITIONS = DEBUG;
				SWIFT_OPTIMIZATION_LEVEL = "-Onone";
			};
			name = Debug;
		};
		81BDA00C256FA386007E30B7 /* Release */ = {
			isa = XCBuildConfiguration;
			buildSettings = {
				ALWAYS_SEARCH_USER_PATHS = NO;
				CLANG_ANALYZER_NONNULL = YES;
				CLANG_ANALYZER_NUMBER_OBJECT_CONVERSION = YES_AGGRESSIVE;
				CLANG_CXX_LANGUAGE_STANDARD = "gnu++14";
				CLANG_CXX_LIBRARY = "libc++";
				CLANG_ENABLE_MODULES = YES;
				CLANG_ENABLE_OBJC_ARC = YES;
				CLANG_ENABLE_OBJC_WEAK = YES;
				CLANG_WARN_BLOCK_CAPTURE_AUTORELEASING = YES;
				CLANG_WARN_BOOL_CONVERSION = YES;
				CLANG_WARN_COMMA = YES;
				CLANG_WARN_CONSTANT_CONVERSION = YES;
				CLANG_WARN_DEPRECATED_OBJC_IMPLEMENTATIONS = YES;
				CLANG_WARN_DIRECT_OBJC_ISA_USAGE = YES_ERROR;
				CLANG_WARN_DOCUMENTATION_COMMENTS = YES;
				CLANG_WARN_EMPTY_BODY = YES;
				CLANG_WARN_ENUM_CONVERSION = YES;
				CLANG_WARN_INFINITE_RECURSION = YES;
				CLANG_WARN_INT_CONVERSION = YES;
				CLANG_WARN_NON_LITERAL_NULL_CONVERSION = YES;
				CLANG_WARN_OBJC_IMPLICIT_RETAIN_SELF = YES;
				CLANG_WARN_OBJC_LITERAL_CONVERSION = YES;
				CLANG_WARN_OBJC_ROOT_CLASS = YES_ERROR;
				CLANG_WARN_RANGE_LOOP_ANALYSIS = YES;
				CLANG_WARN_STRICT_PROTOTYPES = YES;
				CLANG_WARN_SUSPICIOUS_MOVE = YES;
				CLANG_WARN_UNGUARDED_AVAILABILITY = YES_AGGRESSIVE;
				CLANG_WARN_UNREACHABLE_CODE = YES;
				CLANG_WARN__DUPLICATE_METHOD_MATCH = YES;
				COPY_PHASE_STRIP = NO;
				DEBUG_INFORMATION_FORMAT = "dwarf-with-dsym";
				ENABLE_NS_ASSERTIONS = NO;
				ENABLE_STRICT_OBJC_MSGSEND = YES;
				GCC_C_LANGUAGE_STANDARD = gnu11;
				GCC_NO_COMMON_BLOCKS = YES;
				GCC_WARN_64_TO_32_BIT_CONVERSION = YES;
				GCC_WARN_ABOUT_RETURN_TYPE = YES_ERROR;
				GCC_WARN_UNDECLARED_SELECTOR = YES;
				GCC_WARN_UNINITIALIZED_AUTOS = YES_AGGRESSIVE;
				GCC_WARN_UNUSED_FUNCTION = YES;
				GCC_WARN_UNUSED_VARIABLE = YES;
				IPHONEOS_DEPLOYMENT_TARGET = 13.7;
				MTL_ENABLE_DEBUG_INFO = NO;
				MTL_FAST_MATH = YES;
				SDKROOT = iphoneos;
				SWIFT_COMPILATION_MODE = wholemodule;
				SWIFT_OPTIMIZATION_LEVEL = "-O";
				VALIDATE_PRODUCT = YES;
			};
			name = Release;
		};
		81BDA00E256FA386007E30B7 /* Debug */ = {
			isa = XCBuildConfiguration;
			buildSettings = {
				ASSETCATALOG_COMPILER_APPICON_NAME = AppIcon;
				CODE_SIGN_STYLE = Automatic;
				DEVELOPMENT_TEAM = R545ZGZS5K;
				INFOPLIST_FILE = SendEmailSwift/Info.plist;
				IPHONEOS_DEPLOYMENT_TARGET = 13.6;
				LD_RUNPATH_SEARCH_PATHS = (
					"$(inherited)",
					"@executable_path/Frameworks",
				);
				PRODUCT_BUNDLE_IDENTIFIER = App.SendEmailSwift;
				PRODUCT_NAME = "$(TARGET_NAME)";
				SWIFT_VERSION = 5.0;
				TARGETED_DEVICE_FAMILY = "1,2";
			};
			name = Debug;
		};
		81BDA00F256FA386007E30B7 /* Release */ = {
			isa = XCBuildConfiguration;
			buildSettings = {
				ASSETCATALOG_COMPILER_APPICON_NAME = AppIcon;
				CODE_SIGN_STYLE = Automatic;
				DEVELOPMENT_TEAM = R545ZGZS5K;
				INFOPLIST_FILE = SendEmailSwift/Info.plist;
				IPHONEOS_DEPLOYMENT_TARGET = 13.6;
				LD_RUNPATH_SEARCH_PATHS = (
					"$(inherited)",
					"@executable_path/Frameworks",
				);
				PRODUCT_BUNDLE_IDENTIFIER = App.SendEmailSwift;
				PRODUCT_NAME = "$(TARGET_NAME)";
				SWIFT_VERSION = 5.0;
				TARGETED_DEVICE_FAMILY = "1,2";
			};
			name = Release;
		};
		81BDA011256FA386007E30B7 /* Debug */ = {
			isa = XCBuildConfiguration;
			buildSettings = {
				ALWAYS_EMBED_SWIFT_STANDARD_LIBRARIES = YES;
				BUNDLE_LOADER = "$(TEST_HOST)";
				CODE_SIGN_STYLE = Automatic;
				INFOPLIST_FILE = SendEmailSwiftTests/Info.plist;
				IPHONEOS_DEPLOYMENT_TARGET = 13.7;
				LD_RUNPATH_SEARCH_PATHS = (
					"$(inherited)",
					"@executable_path/Frameworks",
					"@loader_path/Frameworks",
				);
				PRODUCT_BUNDLE_IDENTIFIER = App.SendEmailSwiftTests;
				PRODUCT_NAME = "$(TARGET_NAME)";
				SWIFT_VERSION = 5.0;
				TARGETED_DEVICE_FAMILY = "1,2";
				TEST_HOST = "$(BUILT_PRODUCTS_DIR)/SendEmailSwift.app/SendEmailSwift";
			};
			name = Debug;
		};
		81BDA012256FA386007E30B7 /* Release */ = {
			isa = XCBuildConfiguration;
			buildSettings = {
				ALWAYS_EMBED_SWIFT_STANDARD_LIBRARIES = YES;
				BUNDLE_LOADER = "$(TEST_HOST)";
				CODE_SIGN_STYLE = Automatic;
				INFOPLIST_FILE = SendEmailSwiftTests/Info.plist;
				IPHONEOS_DEPLOYMENT_TARGET = 13.7;
				LD_RUNPATH_SEARCH_PATHS = (
					"$(inherited)",
					"@executable_path/Frameworks",
					"@loader_path/Frameworks",
				);
				PRODUCT_BUNDLE_IDENTIFIER = App.SendEmailSwiftTests;
				PRODUCT_NAME = "$(TARGET_NAME)";
				SWIFT_VERSION = 5.0;
				TARGETED_DEVICE_FAMILY = "1,2";
				TEST_HOST = "$(BUILT_PRODUCTS_DIR)/SendEmailSwift.app/SendEmailSwift";
			};
			name = Release;
		};
		81BDA014256FA386007E30B7 /* Debug */ = {
			isa = XCBuildConfiguration;
			buildSettings = {
				ALWAYS_EMBED_SWIFT_STANDARD_LIBRARIES = YES;
				CODE_SIGN_STYLE = Automatic;
				INFOPLIST_FILE = SendEmailSwiftUITests/Info.plist;
				LD_RUNPATH_SEARCH_PATHS = (
					"$(inherited)",
					"@executable_path/Frameworks",
					"@loader_path/Frameworks",
				);
				PRODUCT_BUNDLE_IDENTIFIER = App.SendEmailSwiftUITests;
				PRODUCT_NAME = "$(TARGET_NAME)";
				SWIFT_VERSION = 5.0;
				TARGETED_DEVICE_FAMILY = "1,2";
				TEST_TARGET_NAME = SendEmailSwift;
			};
			name = Debug;
		};
		81BDA015256FA386007E30B7 /* Release */ = {
			isa = XCBuildConfiguration;
			buildSettings = {
				ALWAYS_EMBED_SWIFT_STANDARD_LIBRARIES = YES;
				CODE_SIGN_STYLE = Automatic;
				INFOPLIST_FILE = SendEmailSwiftUITests/Info.plist;
				LD_RUNPATH_SEARCH_PATHS = (
					"$(inherited)",
					"@executable_path/Frameworks",
					"@loader_path/Frameworks",
				);
				PRODUCT_BUNDLE_IDENTIFIER = App.SendEmailSwiftUITests;
				PRODUCT_NAME = "$(TARGET_NAME)";
				SWIFT_VERSION = 5.0;
				TARGETED_DEVICE_FAMILY = "1,2";
				TEST_TARGET_NAME = SendEmailSwift;
			};
			name = Release;
		};
/* End XCBuildConfiguration section */

/* Begin XCConfigurationList section */
		81BD9FDE256FA385007E30B7 /* Build configuration list for PBXProject "SendEmailSwift" */ = {
			isa = XCConfigurationList;
			buildConfigurations = (
				81BDA00B256FA386007E30B7 /* Debug */,
				81BDA00C256FA386007E30B7 /* Release */,
			);
			defaultConfigurationIsVisible = 0;
			defaultConfigurationName = Release;
		};
		81BDA00D256FA386007E30B7 /* Build configuration list for PBXNativeTarget "SendEmailSwift" */ = {
			isa = XCConfigurationList;
			buildConfigurations = (
				81BDA00E256FA386007E30B7 /* Debug */,
				81BDA00F256FA386007E30B7 /* Release */,
			);
			defaultConfigurationIsVisible = 0;
			defaultConfigurationName = Release;
		};
		81BDA010256FA386007E30B7 /* Build configuration list for PBXNativeTarget "SendEmailSwiftTests" */ = {
			isa = XCConfigurationList;
			buildConfigurations = (
				81BDA011256FA386007E30B7 /* Debug */,
				81BDA012256FA386007E30B7 /* Release */,
			);
			defaultConfigurationIsVisible = 0;
			defaultConfigurationName = Release;
		};
		81BDA013256FA386007E30B7 /* Build configuration list for PBXNativeTarget "SendEmailSwiftUITests" */ = {
			isa = XCConfigurationList;
			buildConfigurations = (
				81BDA014256FA386007E30B7 /* Debug */,
				81BDA015256FA386007E30B7 /* Release */,
			);
			defaultConfigurationIsVisible = 0;
			defaultConfigurationName = Release;
		};
/* End XCConfigurationList section */
	};
	rootObject = 81BD9FDB256FA385007E30B7 /* Project object */;
}
